
Microsoft Visual Studio Solution File, Format Version 12.00
# Visual Studio Version 17
VisualStudioVersion = 17.14.36811.4 d17.14
MinimumVisualStudioVersion = 10.0.40219.1
Project("{FAE04EC0-301F-11D3-BF4B-00C04F79EFBC}") = "ConsoleApp", "ConsoleApp.csproj", "{4ED76F79-B358-4C1C-9AB7-6AFFD59F9FE4}"
EndProject
Project("{FAE04EC0-301F-11D3-BF4B-00C04F79EFBC}") = "ClassLibrary", "..\ClassLibrary\ClassLibrary.csproj", "{013B8D04-DEC2-4807-83BE-478B0BDCC3E7}"
EndProject
Global
	GlobalSection(SolutionConfigurationPlatforms) = preSolution
		Debug|Any CPU = Debug|Any CPU
		Release|Any CPU = Release|Any CPU
	EndGlobalSection
	GlobalSection(ProjectConfigurationPlatforms) = postSolution
		{4ED76F79-B358-4C1C-9AB7-6AFFD59F9FE4}.Debug|Any CPU.ActiveCfg = Debug|Any CPU
		{4ED76F79-B358-4C1C-9AB7-6AFFD59F9FE4}.Debug|Any CPU.Build.0 = Debug|Any CPU
		{4ED76F79-B358-4C1C-9AB7-6AFFD59F9FE4}.Release|Any CPU.ActiveCfg = Release|Any CPU
		{4ED76F79-B358-4C1C-9AB7-6AFFD59F9FE4}.Release|Any CPU.Build.0 = Release|Any CPU
		{013B8D04-DEC2-4807-83BE-478B0BDCC3E7}.Debug|Any CPU.ActiveCfg = Debug|Any CPU
		{013B8D04-DEC2-4807-83BE-478B0BDCC3E7}.Debug|Any CPU.Build.0 = Debug|Any CPU
		{013B8D04-DEC2-4807-83BE-478B0BDCC3E7}.Release|Any CPU.ActiveCfg = Release|Any CPU
		{013B8D04-DEC2-4807-83BE-478B0BDCC3E7}.Release|Any CPU.Build.0 = Release|Any CPU
	EndGlobalSection
	GlobalSection(SolutionProperties) = preSolution
		HideSolutionNode = FALSE
	EndGlobalSection
	GlobalSection(ExtensibilityGlobals) = postSolution
		SolutionGuid = {562866C9-8952-4092-834E-1AB32869368C}
	EndGlobalSection
EndGlobal
